
Microsoft Visual Studio Solution File, Format Version 12.00
# Visual Studio Version 17
VisualStudioVersion = 17.0.32126.317
MinimumVisualStudioVersion = 10.0.40219.1
Project("{FAE04EC0-301F-11D3-BF4B-00C04F79EFBC}") = "BlazorEventYoutube", "BlazorEventYoutube.csproj", "{01B32058-B8DE-4A39-87D8-A0E308790D7C}"
EndProject
Global
	GlobalSection(SolutionConfigurationPlatforms) = preSolution
		Debug|Any CPU = Debug|Any CPU
		Release|Any CPU = Release|Any CPU
	EndGlobalSection
	GlobalSection(ProjectConfigurationPlatforms) = postSolution
		{01B32058-B8DE-4A39-87D8-A0E308790D7C}.Debug|Any CPU.ActiveCfg = Debug|Any CPU
		{01B32058-B8DE-4A39-87D8-A0E308790D7C}.Debug|Any CPU.Build.0 = Debug|Any CPU
		{01B32058-B8DE-4A39-87D8-A0E308790D7C}.Release|Any CPU.ActiveCfg = Release|Any CPU
		{01B32058-B8DE-4A39-87D8-A0E308790D7C}.Release|Any CPU.Build.0 = Release|Any CPU
	EndGlobalSection
	GlobalSection(SolutionProperties) = preSolution
		HideSolutionNode = FALSE
	EndGlobalSection
	GlobalSection(ExtensibilityGlobals) = postSolution
		SolutionGuid = {8B963DE8-2161-4926-ACF3-B2947A38F8D0}
	EndGlobalSection
EndGlobal
